// !$*UTF8*$!
{
	archiveVersion = 1;
	classes = {
	};
	objectVersion = 50;
	objects = {

/* Begin PBXBuildFile section */
		5217D48CDE778F07862950E0 /* Pods_MovieApiPractice2.framework in Frameworks */ = {isa = PBXBuildFile; fileRef = B0CAD50E336B8315CF31A664 /* Pods_MovieApiPractice2.framework */; };
		8482BB3725A438C500F44433 /* AppDelegate.swift in Sources */ = {isa = PBXBuildFile; fileRef = 8482BB3625A438C500F44433 /* AppDelegate.swift */; };
		8482BB3925A438C500F44433 /* SceneDelegate.swift in Sources */ = {isa = PBXBuildFile; fileRef = 8482BB3825A438C500F44433 /* SceneDelegate.swift */; };
		8482BB3B25A438C500F44433 /* ViewController.swift in Sources */ = {isa = PBXBuildFile; fileRef = 8482BB3A25A438C500F44433 /* ViewController.swift */; };
		8482BB3E25A438C500F44433 /* Main.storyboard in Resources */ = {isa = PBXBuildFile; fileRef = 8482BB3C25A438C500F44433 /* Main.storyboard */; };
		8482BB4025A438C600F44433 /* Assets.xcassets in Resources */ = {isa = PBXBuildFile; fileRef = 8482BB3F25A438C600F44433 /* Assets.xcassets */; };
		8482BB4325A438C600F44433 /* LaunchScreen.storyboard in Resources */ = {isa = PBXBuildFile; fileRef = 8482BB4125A438C600F44433 /* LaunchScreen.storyboard */; };
		8482BB4C25A43A3400F44433 /* Result.swift in Sources */ = {isa = PBXBuildFile; fileRef = 8482BB4B25A43A3400F44433 /* Result.swift */; };
		8482BB5025A4448200F44433 /* Cell1.swift in Sources */ = {isa = PBXBuildFile; fileRef = 8482BB4F25A4448200F44433 /* Cell1.swift */; };
/* End PBXBuildFile section */

/* Begin PBXFileReference section */
		26D23E396C1ABABA5E4B3F6D /* Pods-MovieApiPractice2.debug.xcconfig */ = {isa = PBXFileReference; includeInIndex = 1; lastKnownFileType = text.xcconfig; name = "Pods-MovieApiPractice2.debug.xcconfig"; path = "Target Support Files/Pods-MovieApiPractice2/Pods-MovieApiPractice2.debug.xcconfig"; sourceTree = "<group>"; };
		8482BB3325A438C500F44433 /* MovieApiPractice2.app */ = {isa = PBXFileReference; explicitFileType = wrapper.application; includeInIndex = 0; path = MovieApiPractice2.app; sourceTree = BUILT_PRODUCTS_DIR; };
		8482BB3625A438C500F44433 /* AppDelegate.swift */ = {isa = PBXFileReference; lastKnownFileType = sourcecode.swift; path = AppDelegate.swift; sourceTree = "<group>"; };
		8482BB3825A438C500F44433 /* SceneDelegate.swift */ = {isa = PBXFileReference; lastKnownFileType = sourcecode.swift; path = SceneDelegate.swift; sourceTree = "<group>"; };
		8482BB3A25A438C500F44433 /* ViewController.swift */ = {isa = PBXFileReference; lastKnownFileType = sourcecode.swift; path = ViewController.swift; sourceTree = "<group>"; };
		8482BB3D25A438C500F44433 /* Base */ = {isa = PBXFileReference; lastKnownFileType = file.storyboard; name = Base; path = Base.lproj/Main.storyboard; sourceTree = "<group>"; };
		8482BB3F25A438C600F44433 /* Assets.xcassets */ = {isa = PBXFileReference; lastKnownFileType = folder.assetcatalog; path = Assets.xcassets; sourceTree = "<group>"; };
		8482BB4225A438C600F44433 /* Base */ = {isa = PBXFileReference; lastKnownFileType = file.storyboard; name = Base; path = Base.lproj/LaunchScreen.storyboard; sourceTree = "<group>"; };
		8482BB4425A438C600F44433 /* Info.plist */ = {isa = PBXFileReference; lastKnownFileType = text.plist.xml; path = Info.plist; sourceTree = "<group>"; };
		8482BB4B25A43A3400F44433 /* Result.swift */ = {isa = PBXFileReference; lastKnownFileType = sourcecode.swift; path = Result.swift; sourceTree = "<group>"; };
		8482BB4F25A4448200F44433 /* Cell1.swift */ = {isa = PBXFileReference; lastKnownFileType = sourcecode.swift; path = Cell1.swift; sourceTree = "<group>"; };
		B0CAD50E336B8315CF31A664 /* Pods_MovieApiPractice2.framework */ = {isa = PBXFileReference; explicitFileType = wrapper.framework; includeInIndex = 0; path = Pods_MovieApiPractice2.framework; sourceTree = BUILT_PRODUCTS_DIR; };
		C234E578D69B2B9C41672266 /* Pods-MovieApiPractice2.release.xcconfig */ = {isa = PBXFileReference; includeInIndex = 1; lastKnownFileType = text.xcconfig; name = "Pods-MovieApiPractice2.release.xcconfig"; path = "Target Support Files/Pods-MovieApiPractice2/Pods-MovieApiPractice2.release.xcconfig"; sourceTree = "<group>"; };
/* End PBXFileReference section */

/* Begin PBXFrameworksBuildPhase section */
		8482BB3025A438C500F44433 /* Frameworks */ = {
			isa = PBXFrameworksBuildPhase;
			buildActionMask = 2147483647;
			files = (
				5217D48CDE778F07862950E0 /* Pods_MovieApiPractice2.framework in Frameworks */,
			);
			runOnlyForDeploymentPostprocessing = 0;
		};
/* End PBXFrameworksBuildPhase section */

/* Begin PBXGroup section */
		8482BB2A25A438C500F44433 = {
			isa = PBXGroup;
			children = (
				8482BB3525A438C500F44433 /* MovieApiPractice2 */,
				8482BB3425A438C500F44433 /* Products */,
				B15235D92D0FA49F1C1939D5 /* Pods */,
				D3FECAF53DD648BFF77A3AEA /* Frameworks */,
			);
			sourceTree = "<group>";
		};
		8482BB3425A438C500F44433 /* Products */ = {
			isa = PBXGroup;
			children = (
				8482BB3325A438C500F44433 /* MovieApiPractice2.app */,
			);
			name = Products;
			sourceTree = "<group>";
		};
		8482BB3525A438C500F44433 /* MovieApiPractice2 */ = {
			isa = PBXGroup;
			children = (
				8482BB3625A438C500F44433 /* AppDelegate.swift */,
				8482BB3825A438C500F44433 /* SceneDelegate.swift */,
				8482BB3A25A438C500F44433 /* ViewController.swift */,
				8482BB4B25A43A3400F44433 /* Result.swift */,
				8482BB3C25A438C500F44433 /* Main.storyboard */,
				8482BB4F25A4448200F44433 /* Cell1.swift */,
				8482BB3F25A438C600F44433 /* Assets.xcassets */,
				8482BB4125A438C600F44433 /* LaunchScreen.storyboard */,
				8482BB4425A438C600F44433 /* Info.plist */,
			);
			path = MovieApiPractice2;
			sourceTree = "<group>";
		};
		B15235D92D0FA49F1C1939D5 /* Pods */ = {
			isa = PBXGroup;
			children = (
				26D23E396C1ABABA5E4B3F6D /* Pods-MovieApiPractice2.debug.xcconfig */,
				C234E578D69B2B9C41672266 /* Pods-MovieApiPractice2.release.xcconfig */,
			);
			name = Pods;
			path = Pods;
			sourceTree = "<group>";
		};
		D3FECAF53DD648BFF77A3AEA /* Frameworks */ = {
			isa = PBXGroup;
			children = (
				B0CAD50E336B8315CF31A664 /* Pods_MovieApiPractice2.framework */,
			);
			name = Frameworks;
			sourceTree = "<group>";
		};
/* End PBXGroup section */

/* Begin PBXNativeTarget section */
		8482BB3225A438C500F44433 /* MovieApiPractice2 */ = {
			isa = PBXNativeTarget;
			buildConfigurationList = 8482BB4725A438C600F44433 /* Build configuration list for PBXNativeTarget "MovieApiPractice2" */;
			buildPhases = (
				FCE0C9DABBB7EC3FC2DE7D64 /* [CP] Check Pods Manifest.lock */,
				8482BB2F25A438C500F44433 /* Sources */,
				8482BB3025A438C500F44433 /* Frameworks */,
				8482BB3125A438C500F44433 /* Resources */,
				14890DB7350868B678E3378F /* [CP] Embed Pods Frameworks */,
			);
			buildRules = (
			);
			dependencies = (
			);
			name = MovieApiPractice2;
			productName = MovieApiPractice2;
			productReference = 8482BB3325A438C500F44433 /* MovieApiPractice2.app */;
			productType = "com.apple.product-type.application";
		};
/* End PBXNativeTarget section */

/* Begin PBXProject section */
		8482BB2B25A438C500F44433 /* Project object */ = {
			isa = PBXProject;
			attributes = {
				LastSwiftUpdateCheck = 1230;
				LastUpgradeCheck = 1230;
				TargetAttributes = {
					8482BB3225A438C500F44433 = {
						CreatedOnToolsVersion = 12.3;
					};
				};
			};
			buildConfigurationList = 8482BB2E25A438C500F44433 /* Build configuration list for PBXProject "MovieApiPractice2" */;
			compatibilityVersion = "Xcode 9.3";
			developmentRegion = en;
			hasScannedForEncodings = 0;
			knownRegions = (
				en,
				Base,
			);
			mainGroup = 8482BB2A25A438C500F44433;
			productRefGroup = 8482BB3425A438C500F44433 /* Products */;
			projectDirPath = "";
			projectRoot = "";
			targets = (
				8482BB3225A438C500F44433 /* MovieApiPractice2 */,
			);
		};
/* End PBXProject section */

/* Begin PBXResourcesBuildPhase section */
		8482BB3125A438C500F44433 /* Resources */ = {
			isa = PBXResourcesBuildPhase;
			buildActionMask = 2147483647;
			files = (
				8482BB4325A438C600F44433 /* LaunchScreen.storyboard in Resources */,
				8482BB4025A438C600F44433 /* Assets.xcassets in Resources */,
				8482BB3E25A438C500F44433 /* Main.storyboard in Resources */,
			);
			runOnlyForDeploymentPostprocessing = 0;
		};
/* End PBXResourcesBuildPhase section */

/* Begin PBXShellScriptBuildPhase section */
		14890DB7350868B678E3378F /* [CP] Embed Pods Frameworks */ = {
			isa = PBXShellScriptBuildPhase;
			buildActionMask = 2147483647;
			files = (
			);
			inputFileListPaths = (
				"${PODS_ROOT}/Target Support Files/Pods-MovieApiPractice2/Pods-MovieApiPractice2-frameworks-${CONFIGURATION}-input-files.xcfilelist",
			);
			name = "[CP] Embed Pods Frameworks";
			outputFileListPaths = (
				"${PODS_ROOT}/Target Support Files/Pods-MovieApiPractice2/Pods-MovieApiPractice2-frameworks-${CONFIGURATION}-output-files.xcfilelist",
			);
			runOnlyForDeploymentPostprocessing = 0;
			shellPath = /bin/sh;
			shellScript = "\"${PODS_ROOT}/Target Support Files/Pods-MovieApiPractice2/Pods-MovieApiPractice2-frameworks.sh\"\n";
			showEnvVarsInLog = 0;
		};
		FCE0C9DABBB7EC3FC2DE7D64 /* [CP] Check Pods Manifest.lock */ = {
			isa = PBXShellScriptBuildPhase;
			buildActionMask = 2147483647;
			files = (
			);
			inputFileListPaths = (
			);
			inputPaths = (
				"${PODS_PODFILE_DIR_PATH}/Podfile.lock",
				"${PODS_ROOT}/Manifest.lock",
			);
			name = "[CP] Check Pods Manifest.lock";
			outputFileListPaths = (
			);
			outputPaths = (
				"$(DERIVED_FILE_DIR)/Pods-MovieApiPractice2-checkManifestLockResult.txt",
			);
			runOnlyForDeploymentPostprocessing = 0;
			shellPath = /bin/sh;
			shellScript = "diff \"${PODS_PODFILE_DIR_PATH}/Podfile.lock\" \"${PODS_ROOT}/Manifest.lock\" > /dev/null\nif [ $? != 0 ] ; then\n    # print error to STDERR\n    echo \"error: The sandbox is not in sync with the Podfile.lock. Run 'pod install' or update your CocoaPods installation.\" >&2\n    exit 1\nfi\n# This output is used by Xcode 'outputs' to avoid re-running this script phase.\necho \"SUCCESS\" > \"${SCRIPT_OUTPUT_FILE_0}\"\n";
			showEnvVarsInLog = 0;
		};
/* End PBXShellScriptBuildPhase section */

/* Begin PBXSourcesBuildPhase section */
		8482BB2F25A438C500F44433 /* Sources */ = {
			isa = PBXSourcesBuildPhase;
			buildActionMask = 2147483647;
			files = (
				8482BB5025A4448200F44433 /* Cell1.swift in Sources */,
				8482BB3B25A438C500F44433 /* ViewController.swift in Sources */,
				8482BB3725A438C500F44433 /* AppDelegate.swift in Sources */,
				8482BB4C25A43A3400F44433 /* Result.swift in Sources */,
				8482BB3925A438C500F44433 /* SceneDelegate.swift in Sources */,
			);
			runOnlyForDeploymentPostprocessing = 0;
		};
/* End PBXSourcesBuildPhase section */

/* Begin PBXVariantGroup section */
		8482BB3C25A438C500F44433 /* Main.storyboard */ = {
			isa = PBXVariantGroup;
			children = (
				8482BB3D25A438C500F44433 /* Base */,
			);
			name = Main.storyboard;
			sourceTree = "<group>";
		};
		8482BB4125A438C600F44433 /* LaunchScreen.storyboard */ = {
			isa = PBXVariantGroup;
			children = (
				8482BB4225A438C600F44433 /* Base */,
			);
			name = LaunchScreen.storyboard;
			sourceTree = "<group>";
		};
/* End PBXVariantGroup section */

/* Begin XCBuildConfiguration section */
		8482BB4525A438C600F44433 /* Debug */ = {
			isa = XCBuildConfiguration;
			buildSettings = {
				ALWAYS_SEARCH_USER_PATHS = NO;
				CLANG_ANALYZER_NONNULL = YES;
				CLANG_ANALYZER_NUMBER_OBJECT_CONVERSION = YES_AGGRESSIVE;
				CLANG_CXX_LANGUAGE_STANDARD = "gnu++14";
				CLANG_CXX_LIBRARY = "libc++";
				CLANG_ENABLE_MODULES = YES;
				CLANG_ENABLE_OBJC_ARC = YES;
				CLANG_ENABLE_OBJC_WEAK = YES;
				CLANG_WARN_BLOCK_CAPTURE_AUTORELEASING = YES;
				CLANG_WARN_BOOL_CONVERSION = YES;
				CLANG_WARN_COMMA = YES;
				CLANG_WARN_CONSTANT_CONVERSION = YES;
				CLANG_WARN_DEPRECATED_OBJC_IMPLEMENTATIONS = YES;
				CLANG_WARN_DIRECT_OBJC_ISA_USAGE = YES_ERROR;
				CLANG_WARN_DOCUMENTATION_COMMENTS = YES;
				CLANG_WARN_EMPTY_BODY = YES;
				CLANG_WARN_ENUM_CONVERSION = YES;
				CLANG_WARN_INFINITE_RECURSION = YES;
				CLANG_WARN_INT_CONVERSION = YES;
				CLANG_WARN_NON_LITERAL_NULL_CONVERSION = YES;
				CLANG_WARN_OBJC_IMPLICIT_RETAIN_SELF = YES;
				CLANG_WARN_OBJC_LITERAL_CONVERSION = YES;
				CLANG_WARN_OBJC_ROOT_CLASS = YES_ERROR;
				CLANG_WARN_QUOTED_INCLUDE_IN_FRAMEWORK_HEADER = YES;
				CLANG_WARN_RANGE_LOOP_ANALYSIS = YES;
				CLANG_WARN_STRICT_PROTOTYPES = YES;
				CLANG_WARN_SUSPICIOUS_MOVE = YES;
				CLANG_WARN_UNGUARDED_AVAILABILITY = YES_AGGRESSIVE;
				CLANG_WARN_UNREACHABLE_CODE = YES;
				CLANG_WARN__DUPLICATE_METHOD_MATCH = YES;
				COPY_PHASE_STRIP = NO;
				DEBUG_INFORMATION_FORMAT = dwarf;
				ENABLE_STRICT_OBJC_MSGSEND = YES;
				ENABLE_TESTABILITY = YES;
				GCC_C_LANGUAGE_STANDARD = gnu11;
				GCC_DYNAMIC_NO_PIC = NO;
				GCC_NO_COMMON_BLOCKS = YES;
				GCC_OPTIMIZATION_LEVEL = 0;
				GCC_PREPROCESSOR_DEFINITIONS = (
					"DEBUG=1",
					"$(inherited)",
				);
				GCC_WARN_64_TO_32_BIT_CONVERSION = YES;
				GCC_WARN_ABOUT_RETURN_TYPE = YES_ERROR;
				GCC_WARN_UNDECLARED_SELECTOR = YES;
				GCC_WARN_UNINITIALIZED_AUTOS = YES_AGGRESSIVE;
				GCC_WARN_UNUSED_FUNCTION = YES;
				GCC_WARN_UNUSED_VARIABLE = YES;
				IPHONEOS_DEPLOYMENT_TARGET = 14.3;
				MTL_ENABLE_DEBUG_INFO = INCLUDE_SOURCE;
				MTL_FAST_MATH = YES;
				ONLY_ACTIVE_ARCH = YES;
				SDKROOT = iphoneos;
				SWIFT_ACTIVE_COMPILATION_CONDITIONS = DEBUG;
				SWIFT_OPTIMIZATION_LEVEL = "-Onone";
			};
			name = Debug;
		};
		8482BB4625A438C600F44433 /* Release */ = {
			isa = XCBuildConfiguration;
			buildSettings = {
				ALWAYS_SEARCH_USER_PATHS = NO;
				CLANG_ANALYZER_NONNULL = YES;
				CLANG_ANALYZER_NUMBER_OBJECT_CONVERSION = YES_AGGRESSIVE;
				CLANG_CXX_LANGUAGE_STANDARD = "gnu++14";
				CLANG_CXX_LIBRARY = "libc++";
				CLANG_ENABLE_MODULES = YES;
				CLANG_ENABLE_OBJC_ARC = YES;
				CLANG_ENABLE_OBJC_WEAK = YES;
				CLANG_WARN_BLOCK_CAPTURE_AUTORELEASING = YES;
				CLANG_WARN_BOOL_CONVERSION = YES;
				CLANG_WARN_COMMA = YES;
				CLANG_WARN_CONSTANT_CONVERSION = YES;
				CLANG_WARN_DEPRECATED_OBJC_IMPLEMENTATIONS = YES;
				CLANG_WARN_DIRECT_OBJC_ISA_USAGE = YES_ERROR;
				CLANG_WARN_DOCUMENTATION_COMMENTS = YES;
				CLANG_WARN_EMPTY_BODY = YES;
				CLANG_WARN_ENUM_CONVERSION = YES;
				CLANG_WARN_INFINITE_RECURSION = YES;
				CLANG_WARN_INT_CONVERSION = YES;
				CLANG_WARN_NON_LITERAL_NULL_CONVERSION = YES;
				CLANG_WARN_OBJC_IMPLICIT_RETAIN_SELF = YES;
				CLANG_WARN_OBJC_LITERAL_CONVERSION = YES;
				CLANG_WARN_OBJC_ROOT_CLASS = YES_ERROR;
				CLANG_WARN_QUOTED_INCLUDE_IN_FRAMEWORK_HEADER = YES;
				CLANG_WARN_RANGE_LOOP_ANALYSIS = YES;
				CLANG_WARN_STRICT_PROTOTYPES = YES;
				CLANG_WARN_SUSPICIOUS_MOVE = YES;
				CLANG_WARN_UNGUARDED_AVAILABILITY = YES_AGGRESSIVE;
				CLANG_WARN_UNREACHABLE_CODE = YES;
				CLANG_WARN__DUPLICATE_METHOD_MATCH = YES;
				COPY_PHASE_STRIP = NO;
				DEBUG_INFORMATION_FORMAT = "dwarf-with-dsym";
				ENABLE_NS_ASSERTIONS = NO;
				ENABLE_STRICT_OBJC_MSGSEND = YES;
				GCC_C_LANGUAGE_STANDARD = gnu11;
				GCC_NO_COMMON_BLOCKS = YES;
				GCC_WARN_64_TO_32_BIT_CONVERSION = YES;
				GCC_WARN_ABOUT_RETURN_TYPE = YES_ERROR;
				GCC_WARN_UNDECLARED_SELECTOR = YES;
				GCC_WARN_UNINITIALIZED_AUTOS = YES_AGGRESSIVE;
				GCC_WARN_UNUSED_FUNCTION = YES;
				GCC_WARN_UNUSED_VARIABLE = YES;
				IPHONEOS_DEPLOYMENT_TARGET = 14.3;
				MTL_ENABLE_DEBUG_INFO = NO;
				MTL_FAST_MATH = YES;
				SDKROOT = iphoneos;
				SWIFT_COMPILATION_MODE = wholemodule;
				SWIFT_OPTIMIZATION_LEVEL = "-O";
				VALIDATE_PRODUCT = YES;
			};
			name = Release;
		};
		8482BB4825A438C600F44433 /* Debug */ = {
			isa = XCBuildConfiguration;
			baseConfigurationReference = 26D23E396C1ABABA5E4B3F6D /* Pods-MovieApiPractice2.debug.xcconfig */;
			buildSettings = {
				ASSETCATALOG_COMPILER_APPICON_NAME = AppIcon;
				ASSETCATALOG_COMPILER_GLOBAL_ACCENT_COLOR_NAME = AccentColor;
				CODE_SIGN_STYLE = Automatic;
				DEVELOPMENT_TEAM = 7QG4DQ62JQ;
				INFOPLIST_FILE = MovieApiPractice2/Info.plist;
				LD_RUNPATH_SEARCH_PATHS = (
					"$(inherited)",
					"@executable_path/Frameworks",
				);
				PRODUCT_BUNDLE_IDENTIFIER = com.hyeonji.MovieApiPractice2;
				PRODUCT_NAME = "$(TARGET_NAME)";
				SWIFT_VERSION = 5.0;
				TARGETED_DEVICE_FAMILY = "1,2";
			};
			name = Debug;
		};
		8482BB4925A438C600F44433 /* Release */ = {
			isa = XCBuildConfiguration;
			baseConfigurationReference = C234E578D69B2B9C41672266 /* Pods-MovieApiPractice2.release.xcconfig */;
			buildSettings = {
				ASSETCATALOG_COMPILER_APPICON_NAME = AppIcon;
				ASSETCATALOG_COMPILER_GLOBAL_ACCENT_COLOR_NAME = AccentColor;
				CODE_SIGN_STYLE = Automatic;
				DEVELOPMENT_TEAM = 7QG4DQ62JQ;
				INFOPLIST_FILE = MovieApiPractice2/Info.plist;
				LD_RUNPATH_SEARCH_PATHS = (
					"$(inherited)",
					"@executable_path/Frameworks",
				);
				PRODUCT_BUNDLE_IDENTIFIER = com.hyeonji.MovieApiPractice2;
				PRODUCT_NAME = "$(TARGET_NAME)";
				SWIFT_VERSION = 5.0;
				TARGETED_DEVICE_FAMILY = "1,2";
			};
			name = Release;
		};
/* End XCBuildConfiguration section */

/* Begin XCConfigurationList section */
		8482BB2E25A438C500F44433 /* Build configuration list for PBXProject "MovieApiPractice2" */ = {
			isa = XCConfigurationList;
			buildConfigurations = (
				8482BB4525A438C600F44433 /* Debug */,
				8482BB4625A438C600F44433 /* Release */,
			);
			defaultConfigurationIsVisible = 0;
			defaultConfigurationName = Release;
		};
		8482BB4725A438C600F44433 /* Build configuration list for PBXNativeTarget "MovieApiPractice2" */ = {
			isa = XCConfigurationList;
			buildConfigurations = (
				8482BB4825A438C600F44433 /* Debug */,
				8482BB4925A438C600F44433 /* Release */,
			);
			defaultConfigurationIsVisible = 0;
			defaultConfigurationName = Release;
		};
/* End XCConfigurationList section */
	};
	rootObject = 8482BB2B25A438C500F44433 /* Project object */;
}
